// !$*UTF8*$!
{
	archiveVersion = 1;
	classes = {
	};
	objectVersion = 56;
	objects = {

/* Begin PBXBuildFile section */
		09E47FAD29A3FF8500C246A7 /* AppDelegate.swift in Sources */ = {isa = PBXBuildFile; fileRef = 09E47FAC29A3FF8500C246A7 /* AppDelegate.swift */; };
		09E47FAF29A3FF8500C246A7 /* SceneDelegate.swift in Sources */ = {isa = PBXBuildFile; fileRef = 09E47FAE29A3FF8500C246A7 /* SceneDelegate.swift */; };
		09E47FB129A3FF8500C246A7 /* ViewController.swift in Sources */ = {isa = PBXBuildFile; fileRef = 09E47FB029A3FF8500C246A7 /* ViewController.swift */; };
		09E47FB429A3FF8500C246A7 /* Main.storyboard in Resources */ = {isa = PBXBuildFile; fileRef = 09E47FB229A3FF8500C246A7 /* Main.storyboard */; };
		09E47FB629A3FF8600C246A7 /* Assets.xcassets in Resources */ = {isa = PBXBuildFile; fileRef = 09E47FB529A3FF8600C246A7 /* Assets.xcassets */; };
		09E47FB929A3FF8600C246A7 /* LaunchScreen.storyboard in Resources */ = {isa = PBXBuildFile; fileRef = 09E47FB729A3FF8600C246A7 /* LaunchScreen.storyboard */; };
		09E47FC429A3FF8600C246A7 /* SimpleCalculatorTests.swift in Sources */ = {isa = PBXBuildFile; fileRef = 09E47FC329A3FF8600C246A7 /* SimpleCalculatorTests.swift */; };
		09E47FCE29A3FF8600C246A7 /* SimpleCalculatorUITests.swift in Sources */ = {isa = PBXBuildFile; fileRef = 09E47FCD29A3FF8600C246A7 /* SimpleCalculatorUITests.swift */; };
		09E47FD029A3FF8600C246A7 /* SimpleCalculatorUITestsLaunchTests.swift in Sources */ = {isa = PBXBuildFile; fileRef = 09E47FCF29A3FF8600C246A7 /* SimpleCalculatorUITestsLaunchTests.swift */; };
/* End PBXBuildFile section */

/* Begin PBXContainerItemProxy section */
		09E47FC029A3FF8600C246A7 /* PBXContainerItemProxy */ = {
			isa = PBXContainerItemProxy;
			containerPortal = 09E47FA129A3FF8500C246A7 /* Project object */;
			proxyType = 1;
			remoteGlobalIDString = 09E47FA829A3FF8500C246A7;
			remoteInfo = SimpleCalculator;
		};
		09E47FCA29A3FF8600C246A7 /* PBXContainerItemProxy */ = {
			isa = PBXContainerItemProxy;
			containerPortal = 09E47FA129A3FF8500C246A7 /* Project object */;
			proxyType = 1;
			remoteGlobalIDString = 09E47FA829A3FF8500C246A7;
			remoteInfo = SimpleCalculator;
		};
/* End PBXContainerItemProxy section */

/* Begin PBXFileReference section */
		09E47FA929A3FF8500C246A7 /* SimpleCalculator.app */ = {isa = PBXFileReference; explicitFileType = wrapper.application; includeInIndex = 0; path = SimpleCalculator.app; sourceTree = BUILT_PRODUCTS_DIR; };
		09E47FAC29A3FF8500C246A7 /* AppDelegate.swift */ = {isa = PBXFileReference; lastKnownFileType = sourcecode.swift; path = AppDelegate.swift; sourceTree = "<group>"; };
		09E47FAE29A3FF8500C246A7 /* SceneDelegate.swift */ = {isa = PBXFileReference; lastKnownFileType = sourcecode.swift; path = SceneDelegate.swift; sourceTree = "<group>"; };
		09E47FB029A3FF8500C246A7 /* ViewController.swift */ = {isa = PBXFileReference; lastKnownFileType = sourcecode.swift; path = ViewController.swift; sourceTree = "<group>"; };
		09E47FB329A3FF8500C246A7 /* Base */ = {isa = PBXFileReference; lastKnownFileType = file.storyboard; name = Base; path = Base.lproj/Main.storyboard; sourceTree = "<group>"; };
		09E47FB529A3FF8600C246A7 /* Assets.xcassets */ = {isa = PBXFileReference; lastKnownFileType = folder.assetcatalog; path = Assets.xcassets; sourceTree = "<group>"; };
		09E47FB829A3FF8600C246A7 /* Base */ = {isa = PBXFileReference; lastKnownFileType = file.storyboard; name = Base; path = Base.lproj/LaunchScreen.storyboard; sourceTree = "<group>"; };
		09E47FBA29A3FF8600C246A7 /* Info.plist */ = {isa = PBXFileReference; lastKnownFileType = text.plist.xml; path = Info.plist; sourceTree = "<group>"; };
		09E47FBF29A3FF8600C246A7 /* SimpleCalculatorTests.xctest */ = {isa = PBXFileReference; explicitFileType = wrapper.cfbundle; includeInIndex = 0; path = SimpleCalculatorTests.xctest; sourceTree = BUILT_PRODUCTS_DIR; };
		09E47FC329A3FF8600C246A7 /* SimpleCalculatorTests.swift */ = {isa = PBXFileReference; lastKnownFileType = sourcecode.swift; path = SimpleCalculatorTests.swift; sourceTree = "<group>"; };
		09E47FC929A3FF8600C246A7 /* SimpleCalculatorUITests.xctest */ = {isa = PBXFileReference; explicitFileType = wrapper.cfbundle; includeInIndex = 0; path = SimpleCalculatorUITests.xctest; sourceTree = BUILT_PRODUCTS_DIR; };
		09E47FCD29A3FF8600C246A7 /* SimpleCalculatorUITests.swift */ = {isa = PBXFileReference; lastKnownFileType = sourcecode.swift; path = SimpleCalculatorUITests.swift; sourceTree = "<group>"; };
		09E47FCF29A3FF8600C246A7 /* SimpleCalculatorUITestsLaunchTests.swift */ = {isa = PBXFileReference; lastKnownFileType = sourcecode.swift; path = SimpleCalculatorUITestsLaunchTests.swift; sourceTree = "<group>"; };
/* End PBXFileReference section */

/* Begin PBXFrameworksBuildPhase section */
		09E47FA629A3FF8500C246A7 /* Frameworks */ = {
			isa = PBXFrameworksBuildPhase;
			buildActionMask = 2147483647;
			files = (
			);
			runOnlyForDeploymentPostprocessing = 0;
		};
		09E47FBC29A3FF8600C246A7 /* Frameworks */ = {
			isa = PBXFrameworksBuildPhase;
			buildActionMask = 2147483647;
			files = (
			);
			runOnlyForDeploymentPostprocessing = 0;
		};
		09E47FC629A3FF8600C246A7 /* Frameworks */ = {
			isa = PBXFrameworksBuildPhase;
			buildActionMask = 2147483647;
			files = (
			);
			runOnlyForDeploymentPostprocessing = 0;
		};
/* End PBXFrameworksBuildPhase section */

/* Begin PBXGroup section */
		09E47FA029A3FF8500C246A7 = {
			isa = PBXGroup;
			children = (
				09E47FAB29A3FF8500C246A7 /* SimpleCalculator */,
				09E47FC229A3FF8600C246A7 /* SimpleCalculatorTests */,
				09E47FCC29A3FF8600C246A7 /* SimpleCalculatorUITests */,
				09E47FAA29A3FF8500C246A7 /* Products */,
			);
			sourceTree = "<group>";
		};
		09E47FAA29A3FF8500C246A7 /* Products */ = {
			isa = PBXGroup;
			children = (
				09E47FA929A3FF8500C246A7 /* SimpleCalculator.app */,
				09E47FBF29A3FF8600C246A7 /* SimpleCalculatorTests.xctest */,
				09E47FC929A3FF8600C246A7 /* SimpleCalculatorUITests.xctest */,
			);
			name = Products;
			sourceTree = "<group>";
		};
		09E47FAB29A3FF8500C246A7 /* SimpleCalculator */ = {
			isa = PBXGroup;
			children = (
				09E47FAC29A3FF8500C246A7 /* AppDelegate.swift */,
				09E47FAE29A3FF8500C246A7 /* SceneDelegate.swift */,
				09E47FB029A3FF8500C246A7 /* ViewController.swift */,
				09E47FB229A3FF8500C246A7 /* Main.storyboard */,
				09E47FB529A3FF8600C246A7 /* Assets.xcassets */,
				09E47FB729A3FF8600C246A7 /* LaunchScreen.storyboard */,
				09E47FBA29A3FF8600C246A7 /* Info.plist */,
			);
			path = SimpleCalculator;
			sourceTree = "<group>";
		};
		09E47FC229A3FF8600C246A7 /* SimpleCalculatorTests */ = {
			isa = PBXGroup;
			children = (
				09E47FC329A3FF8600C246A7 /* SimpleCalculatorTests.swift */,
			);
			path = SimpleCalculatorTests;
			sourceTree = "<group>";
		};
		09E47FCC29A3FF8600C246A7 /* SimpleCalculatorUITests */ = {
			isa = PBXGroup;
			children = (
				09E47FCD29A3FF8600C246A7 /* SimpleCalculatorUITests.swift */,
				09E47FCF29A3FF8600C246A7 /* SimpleCalculatorUITestsLaunchTests.swift */,
			);
			path = SimpleCalculatorUITests;
			sourceTree = "<group>";
		};
/* End PBXGroup section */

/* Begin PBXNativeTarget section */
		09E47FA829A3FF8500C246A7 /* SimpleCalculator */ = {
			isa = PBXNativeTarget;
			buildConfigurationList = 09E47FD329A3FF8600C246A7 /* Build configuration list for PBXNativeTarget "SimpleCalculator" */;
			buildPhases = (
				09E47FA529A3FF8500C246A7 /* Sources */,
				09E47FA629A3FF8500C246A7 /* Frameworks */,
				09E47FA729A3FF8500C246A7 /* Resources */,
			);
			buildRules = (
			);
			dependencies = (
			);
			name = SimpleCalculator;
			productName = SimpleCalculator;
			productReference = 09E47FA929A3FF8500C246A7 /* SimpleCalculator.app */;
			productType = "com.apple.product-type.application";
		};
		09E47FBE29A3FF8600C246A7 /* SimpleCalculatorTests */ = {
			isa = PBXNativeTarget;
			buildConfigurationList = 09E47FD629A3FF8600C246A7 /* Build configuration list for PBXNativeTarget "SimpleCalculatorTests" */;
			buildPhases = (
				09E47FBB29A3FF8600C246A7 /* Sources */,
				09E47FBC29A3FF8600C246A7 /* Frameworks */,
				09E47FBD29A3FF8600C246A7 /* Resources */,
			);
			buildRules = (
			);
			dependencies = (
				09E47FC129A3FF8600C246A7 /* PBXTargetDependency */,
			);
			name = SimpleCalculatorTests;
			productName = SimpleCalculatorTests;
			productReference = 09E47FBF29A3FF8600C246A7 /* SimpleCalculatorTests.xctest */;
			productType = "com.apple.product-type.bundle.unit-test";
		};
		09E47FC829A3FF8600C246A7 /* SimpleCalculatorUITests */ = {
			isa = PBXNativeTarget;
			buildConfigurationList = 09E47FD929A3FF8600C246A7 /* Build configuration list for PBXNativeTarget "SimpleCalculatorUITests" */;
			buildPhases = (
				09E47FC529A3FF8600C246A7 /* Sources */,
				09E47FC629A3FF8600C246A7 /* Frameworks */,
				09E47FC729A3FF8600C246A7 /* Resources */,
			);
			buildRules = (
			);
			dependencies = (
				09E47FCB29A3FF8600C246A7 /* PBXTargetDependency */,
			);
			name = SimpleCalculatorUITests;
			productName = SimpleCalculatorUITests;
			productReference = 09E47FC929A3FF8600C246A7 /* SimpleCalculatorUITests.xctest */;
			productType = "com.apple.product-type.bundle.ui-testing";
		};
/* End PBXNativeTarget section */

/* Begin PBXProject section */
		09E47FA129A3FF8500C246A7 /* Project object */ = {
			isa = PBXProject;
			attributes = {
				BuildIndependentTargetsInParallel = 1;
				LastSwiftUpdateCheck = 1420;
				LastUpgradeCheck = 1420;
				TargetAttributes = {
					09E47FA829A3FF8500C246A7 = {
						CreatedOnToolsVersion = 14.2;
					};
					09E47FBE29A3FF8600C246A7 = {
						CreatedOnToolsVersion = 14.2;
						TestTargetID = 09E47FA829A3FF8500C246A7;
					};
					09E47FC829A3FF8600C246A7 = {
						CreatedOnToolsVersion = 14.2;
						TestTargetID = 09E47FA829A3FF8500C246A7;
					};
				};
			};
			buildConfigurationList = 09E47FA429A3FF8500C246A7 /* Build configuration list for PBXProject "SimpleCalculator" */;
			compatibilityVersion = "Xcode 14.0";
			developmentRegion = en;
			hasScannedForEncodings = 0;
			knownRegions = (
				en,
				Base,
			);
			mainGroup = 09E47FA029A3FF8500C246A7;
			productRefGroup = 09E47FAA29A3FF8500C246A7 /* Products */;
			projectDirPath = "";
			projectRoot = "";
			targets = (
				09E47FA829A3FF8500C246A7 /* SimpleCalculator */,
				09E47FBE29A3FF8600C246A7 /* SimpleCalculatorTests */,
				09E47FC829A3FF8600C246A7 /* SimpleCalculatorUITests */,
			);
		};
/* End PBXProject section */

/* Begin PBXResourcesBuildPhase section */
		09E47FA729A3FF8500C246A7 /* Resources */ = {
			isa = PBXResourcesBuildPhase;
			buildActionMask = 2147483647;
			files = (
				09E47FB929A3FF8600C246A7 /* LaunchScreen.storyboard in Resources */,
				09E47FB629A3FF8600C246A7 /* Assets.xcassets in Resources */,
				09E47FB429A3FF8500C246A7 /* Main.storyboard in Resources */,
			);
			runOnlyForDeploymentPostprocessing = 0;
		};
		09E47FBD29A3FF8600C246A7 /* Resources */ = {
			isa = PBXResourcesBuildPhase;
			buildActionMask = 2147483647;
			files = (
			);
			runOnlyForDeploymentPostprocessing = 0;
		};
		09E47FC729A3FF8600C246A7 /* Resources */ = {
			isa = PBXResourcesBuildPhase;
			buildActionMask = 2147483647;
			files = (
			);
			runOnlyForDeploymentPostprocessing = 0;
		};
/* End PBXResourcesBuildPhase section */

/* Begin PBXSourcesBuildPhase section */
		09E47FA529A3FF8500C246A7 /* Sources */ = {
			isa = PBXSourcesBuildPhase;
			buildActionMask = 2147483647;
			files = (
				09E47FB129A3FF8500C246A7 /* ViewController.swift in Sources */,
				09E47FAD29A3FF8500C246A7 /* AppDelegate.swift in Sources */,
				09E47FAF29A3FF8500C246A7 /* SceneDelegate.swift in Sources */,
			);
			runOnlyForDeploymentPostprocessing = 0;
		};
		09E47FBB29A3FF8600C246A7 /* Sources */ = {
			isa = PBXSourcesBuildPhase;
			buildActionMask = 2147483647;
			files = (
				09E47FC429A3FF8600C246A7 /* SimpleCalculatorTests.swift in Sources */,
			);
			runOnlyForDeploymentPostprocessing = 0;
		};
		09E47FC529A3FF8600C246A7 /* Sources */ = {
			isa = PBXSourcesBuildPhase;
			buildActionMask = 2147483647;
			files = (
				09E47FD029A3FF8600C246A7 /* SimpleCalculatorUITestsLaunchTests.swift in Sources */,
				09E47FCE29A3FF8600C246A7 /* SimpleCalculatorUITests.swift in Sources */,
			);
			runOnlyForDeploymentPostprocessing = 0;
		};
/* End PBXSourcesBuildPhase section */

/* Begin PBXTargetDependency section */
		09E47FC129A3FF8600C246A7 /* PBXTargetDependency */ = {
			isa = PBXTargetDependency;
			target = 09E47FA829A3FF8500C246A7 /* SimpleCalculator */;
			targetProxy = 09E47FC029A3FF8600C246A7 /* PBXContainerItemProxy */;
		};
		09E47FCB29A3FF8600C246A7 /* PBXTargetDependency */ = {
			isa = PBXTargetDependency;
			target = 09E47FA829A3FF8500C246A7 /* SimpleCalculator */;
			targetProxy = 09E47FCA29A3FF8600C246A7 /* PBXContainerItemProxy */;
		};
/* End PBXTargetDependency section */

/* Begin PBXVariantGroup section */
		09E47FB229A3FF8500C246A7 /* Main.storyboard */ = {
			isa = PBXVariantGroup;
			children = (
				09E47FB329A3FF8500C246A7 /* Base */,
			);
			name = Main.storyboard;
			sourceTree = "<group>";
		};
		09E47FB729A3FF8600C246A7 /* LaunchScreen.storyboard */ = {
			isa = PBXVariantGroup;
			children = (
				09E47FB829A3FF8600C246A7 /* Base */,
			);
			name = LaunchScreen.storyboard;
			sourceTree = "<group>";
		};
/* End PBXVariantGroup section */

/* Begin XCBuildConfiguration section */
		09E47FD129A3FF8600C246A7 /* Debug */ = {
			isa = XCBuildConfiguration;
			buildSettings = {
				ALWAYS_SEARCH_USER_PATHS = NO;
				CLANG_ANALYZER_NONNULL = YES;
				CLANG_ANALYZER_NUMBER_OBJECT_CONVERSION = YES_AGGRESSIVE;
				CLANG_CXX_LANGUAGE_STANDARD = "gnu++20";
				CLANG_ENABLE_MODULES = YES;
				CLANG_ENABLE_OBJC_ARC = YES;
				CLANG_ENABLE_OBJC_WEAK = YES;
				CLANG_WARN_BLOCK_CAPTURE_AUTORELEASING = YES;
				CLANG_WARN_BOOL_CONVERSION = YES;
				CLANG_WARN_COMMA = YES;
				CLANG_WARN_CONSTANT_CONVERSION = YES;
				CLANG_WARN_DEPRECATED_OBJC_IMPLEMENTATIONS = YES;
				CLANG_WARN_DIRECT_OBJC_ISA_USAGE = YES_ERROR;
				CLANG_WARN_DOCUMENTATION_COMMENTS = YES;
				CLANG_WARN_EMPTY_BODY = YES;
				CLANG_WARN_ENUM_CONVERSION = YES;
				CLANG_WARN_INFINITE_RECURSION = YES;
				CLANG_WARN_INT_CONVERSION = YES;
				CLANG_WARN_NON_LITERAL_NULL_CONVERSION = YES;
				CLANG_WARN_OBJC_IMPLICIT_RETAIN_SELF = YES;
				CLANG_WARN_OBJC_LITERAL_CONVERSION = YES;
				CLANG_WARN_OBJC_ROOT_CLASS = YES_ERROR;
				CLANG_WARN_QUOTED_INCLUDE_IN_FRAMEWORK_HEADER = YES;
				CLANG_WARN_RANGE_LOOP_ANALYSIS = YES;
				CLANG_WARN_STRICT_PROTOTYPES = YES;
				CLANG_WARN_SUSPICIOUS_MOVE = YES;
				CLANG_WARN_UNGUARDED_AVAILABILITY = YES_AGGRESSIVE;
				CLANG_WARN_UNREACHABLE_CODE = YES;
				CLANG_WARN__DUPLICATE_METHOD_MATCH = YES;
				COPY_PHASE_STRIP = NO;
				DEBUG_INFORMATION_FORMAT = dwarf;
				ENABLE_STRICT_OBJC_MSGSEND = YES;
				ENABLE_TESTABILITY = YES;
				GCC_C_LANGUAGE_STANDARD = gnu11;
				GCC_DYNAMIC_NO_PIC = NO;
				GCC_NO_COMMON_BLOCKS = YES;
				GCC_OPTIMIZATION_LEVEL = 0;
				GCC_PREPROCESSOR_DEFINITIONS = (
					"DEBUG=1",
					"$(inherited)",
				);
				GCC_WARN_64_TO_32_BIT_CONVERSION = YES;
				GCC_WARN_ABOUT_RETURN_TYPE = YES_ERROR;
				GCC_WARN_UNDECLARED_SELECTOR = YES;
				GCC_WARN_UNINITIALIZED_AUTOS = YES_AGGRESSIVE;
				GCC_WARN_UNUSED_FUNCTION = YES;
				GCC_WARN_UNUSED_VARIABLE = YES;
				IPHONEOS_DEPLOYMENT_TARGET = 16.2;
				MTL_ENABLE_DEBUG_INFO = INCLUDE_SOURCE;
				MTL_FAST_MATH = YES;
				ONLY_ACTIVE_ARCH = YES;
				SDKROOT = iphoneos;
				SWIFT_ACTIVE_COMPILATION_CONDITIONS = DEBUG;
				SWIFT_OPTIMIZATION_LEVEL = "-Onone";
			};
			name = Debug;
		};
		09E47FD229A3FF8600C246A7 /* Release */ = {
			isa = XCBuildConfiguration;
			buildSettings = {
				ALWAYS_SEARCH_USER_PATHS = NO;
				CLANG_ANALYZER_NONNULL = YES;
				CLANG_ANALYZER_NUMBER_OBJECT_CONVERSION = YES_AGGRESSIVE;
				CLANG_CXX_LANGUAGE_STANDARD = "gnu++20";
				CLANG_ENABLE_MODULES = YES;
				CLANG_ENABLE_OBJC_ARC = YES;
				CLANG_ENABLE_OBJC_WEAK = YES;
				CLANG_WARN_BLOCK_CAPTURE_AUTORELEASING = YES;
				CLANG_WARN_BOOL_CONVERSION = YES;
				CLANG_WARN_COMMA = YES;
				CLANG_WARN_CONSTANT_CONVERSION = YES;
				CLANG_WARN_DEPRECATED_OBJC_IMPLEMENTATIONS = YES;
				CLANG_WARN_DIRECT_OBJC_ISA_USAGE = YES_ERROR;
				CLANG_WARN_DOCUMENTATION_COMMENTS = YES;
				CLANG_WARN_EMPTY_BODY = YES;
				CLANG_WARN_ENUM_CONVERSION = YES;
				CLANG_WARN_INFINITE_RECURSION = YES;
				CLANG_WARN_INT_CONVERSION = YES;
				CLANG_WARN_NON_LITERAL_NULL_CONVERSION = YES;
				CLANG_WARN_OBJC_IMPLICIT_RETAIN_SELF = YES;
				CLANG_WARN_OBJC_LITERAL_CONVERSION = YES;
				CLANG_WARN_OBJC_ROOT_CLASS = YES_ERROR;
				CLANG_WARN_QUOTED_INCLUDE_IN_FRAMEWORK_HEADER = YES;
				CLANG_WARN_RANGE_LOOP_ANALYSIS = YES;
				CLANG_WARN_STRICT_PROTOTYPES = YES;
				CLANG_WARN_SUSPICIOUS_MOVE = YES;
				CLANG_WARN_UNGUARDED_AVAILABILITY = YES_AGGRESSIVE;
				CLANG_WARN_UNREACHABLE_CODE = YES;
				CLANG_WARN__DUPLICATE_METHOD_MATCH = YES;
				COPY_PHASE_STRIP = NO;
				DEBUG_INFORMATION_FORMAT = "dwarf-with-dsym";
				ENABLE_NS_ASSERTIONS = NO;
				ENABLE_STRICT_OBJC_MSGSEND = YES;
				GCC_C_LANGUAGE_STANDARD = gnu11;
				GCC_NO_COMMON_BLOCKS = YES;
				GCC_WARN_64_TO_32_BIT_CONVERSION = YES;
				GCC_WARN_ABOUT_RETURN_TYPE = YES_ERROR;
				GCC_WARN_UNDECLARED_SELECTOR = YES;
				GCC_WARN_UNINITIALIZED_AUTOS = YES_AGGRESSIVE;
				GCC_WARN_UNUSED_FUNCTION = YES;
				GCC_WARN_UNUSED_VARIABLE = YES;
				IPHONEOS_DEPLOYMENT_TARGET = 16.2;
				MTL_ENABLE_DEBUG_INFO = NO;
				MTL_FAST_MATH = YES;
				SDKROOT = iphoneos;
				SWIFT_COMPILATION_MODE = wholemodule;
				SWIFT_OPTIMIZATION_LEVEL = "-O";
				VALIDATE_PRODUCT = YES;
			};
			name = Release;
		};
		09E47FD429A3FF8600C246A7 /* Debug */ = {
			isa = XCBuildConfiguration;
			buildSettings = {
				ASSETCATALOG_COMPILER_APPICON_NAME = AppIcon;
				ASSETCATALOG_COMPILER_GLOBAL_ACCENT_COLOR_NAME = AccentColor;
				CODE_SIGN_STYLE = Automatic;
				CURRENT_PROJECT_VERSION = 1;
				DEVELOPMENT_TEAM = Y2AVTMN7PT;
				GENERATE_INFOPLIST_FILE = YES;
				INFOPLIST_FILE = SimpleCalculator/Info.plist;
				INFOPLIST_KEY_UIApplicationSupportsIndirectInputEvents = YES;
				INFOPLIST_KEY_UILaunchStoryboardName = LaunchScreen;
				INFOPLIST_KEY_UIMainStoryboardFile = Main;
				INFOPLIST_KEY_UISupportedInterfaceOrientations_iPad = "UIInterfaceOrientationPortrait UIInterfaceOrientationPortraitUpsideDown UIInterfaceOrientationLandscapeLeft UIInterfaceOrientationLandscapeRight";
				INFOPLIST_KEY_UISupportedInterfaceOrientations_iPhone = "UIInterfaceOrientationPortrait UIInterfaceOrientationLandscapeLeft UIInterfaceOrientationLandscapeRight";
				LD_RUNPATH_SEARCH_PATHS = (
					"$(inherited)",
					"@executable_path/Frameworks",
				);
				MARKETING_VERSION = 1.0;
				PRODUCT_BUNDLE_IDENTIFIER = emre.SimpleCalculator;
				PRODUCT_NAME = "$(TARGET_NAME)";
				SWIFT_EMIT_LOC_STRINGS = YES;
				SWIFT_VERSION = 5.0;
				TARGETED_DEVICE_FAMILY = "1,2";
			};
			name = Debug;
		};
		09E47FD529A3FF8600C246A7 /* Release */ = {
			isa = XCBuildConfiguration;
			buildSettings = {
				ASSETCATALOG_COMPILER_APPICON_NAME = AppIcon;
				ASSETCATALOG_COMPILER_GLOBAL_ACCENT_COLOR_NAME = AccentColor;
				CODE_SIGN_STYLE = Automatic;
				CURRENT_PROJECT_VERSION = 1;
				DEVELOPMENT_TEAM = Y2AVTMN7PT;
				GENERATE_INFOPLIST_FILE = YES;
				INFOPLIST_FILE = SimpleCalculator/Info.plist;
				INFOPLIST_KEY_UIApplicationSupportsIndirectInputEvents = YES;
				INFOPLIST_KEY_UILaunchStoryboardName = LaunchScreen;
				INFOPLIST_KEY_UIMainStoryboardFile = Main;
				INFOPLIST_KEY_UISupportedInterfaceOrientations_iPad = "UIInterfaceOrientationPortrait UIInterfaceOrientationPortraitUpsideDown UIInterfaceOrientationLandscapeLeft UIInterfaceOrientationLandscapeRight";
				INFOPLIST_KEY_UISupportedInterfaceOrientations_iPhone = "UIInterfaceOrientationPortrait UIInterfaceOrientationLandscapeLeft UIInterfaceOrientationLandscapeRight";
				LD_RUNPATH_SEARCH_PATHS = (
					"$(inherited)",
					"@executable_path/Frameworks",
				);
				MARKETING_VERSION = 1.0;
				PRODUCT_BUNDLE_IDENTIFIER = emre.SimpleCalculator;
				PRODUCT_NAME = "$(TARGET_NAME)";
				SWIFT_EMIT_LOC_STRINGS = YES;
				SWIFT_VERSION = 5.0;
				TARGETED_DEVICE_FAMILY = "1,2";
			};
			name = Release;
		};
		09E47FD729A3FF8600C246A7 /* Debug */ = {
			isa = XCBuildConfiguration;
			buildSettings = {
				ALWAYS_EMBED_SWIFT_STANDARD_LIBRARIES = YES;
				BUNDLE_LOADER = "$(TEST_HOST)";
				CODE_SIGN_STYLE = Automatic;
				CURRENT_PROJECT_VERSION = 1;
				DEVELOPMENT_TEAM = Y2AVTMN7PT;
				GENERATE_INFOPLIST_FILE = YES;
				IPHONEOS_DEPLOYMENT_TARGET = 16.2;
				MARKETING_VERSION = 1.0;
				PRODUCT_BUNDLE_IDENTIFIER = emre.SimpleCalculatorTests;
				PRODUCT_NAME = "$(TARGET_NAME)";
				SWIFT_EMIT_LOC_STRINGS = NO;
				SWIFT_VERSION = 5.0;
				TARGETED_DEVICE_FAMILY = "1,2";
				TEST_HOST = "$(BUILT_PRODUCTS_DIR)/SimpleCalculator.app/$(BUNDLE_EXECUTABLE_FOLDER_PATH)/SimpleCalculator";
			};
			name = Debug;
		};
		09E47FD829A3FF8600C246A7 /* Release */ = {
			isa = XCBuildConfiguration;
			buildSettings = {
				ALWAYS_EMBED_SWIFT_STANDARD_LIBRARIES = YES;
				BUNDLE_LOADER = "$(TEST_HOST)";
				CODE_SIGN_STYLE = Automatic;
				CURRENT_PROJECT_VERSION = 1;
				DEVELOPMENT_TEAM = Y2AVTMN7PT;
				GENERATE_INFOPLIST_FILE = YES;
				IPHONEOS_DEPLOYMENT_TARGET = 16.2;
				MARKETING_VERSION = 1.0;
				PRODUCT_BUNDLE_IDENTIFIER = emre.SimpleCalculatorTests;
				PRODUCT_NAME = "$(TARGET_NAME)";
				SWIFT_EMIT_LOC_STRINGS = NO;
				SWIFT_VERSION = 5.0;
				TARGETED_DEVICE_FAMILY = "1,2";
				TEST_HOST = "$(BUILT_PRODUCTS_DIR)/SimpleCalculator.app/$(BUNDLE_EXECUTABLE_FOLDER_PATH)/SimpleCalculator";
			};
			name = Release;
		};
		09E47FDA29A3FF8600C246A7 /* Debug */ = {
			isa = XCBuildConfiguration;
			buildSettings = {
				ALWAYS_EMBED_SWIFT_STANDARD_LIBRARIES = YES;
				CODE_SIGN_STYLE = Automatic;
				CURRENT_PROJECT_VERSION = 1;
				DEVELOPMENT_TEAM = Y2AVTMN7PT;
				GENERATE_INFOPLIST_FILE = YES;
				MARKETING_VERSION = 1.0;
				PRODUCT_BUNDLE_IDENTIFIER = emre.SimpleCalculatorUITests;
				PRODUCT_NAME = "$(TARGET_NAME)";
				SWIFT_EMIT_LOC_STRINGS = NO;
				SWIFT_VERSION = 5.0;
				TARGETED_DEVICE_FAMILY = "1,2";
				TEST_TARGET_NAME = SimpleCalculator;
			};
			name = Debug;
		};
		09E47FDB29A3FF8600C246A7 /* Release */ = {
			isa = XCBuildConfiguration;
			buildSettings = {
				ALWAYS_EMBED_SWIFT_STANDARD_LIBRARIES = YES;
				CODE_SIGN_STYLE = Automatic;
				CURRENT_PROJECT_VERSION = 1;
				DEVELOPMENT_TEAM = Y2AVTMN7PT;
				GENERATE_INFOPLIST_FILE = YES;
				MARKETING_VERSION = 1.0;
				PRODUCT_BUNDLE_IDENTIFIER = emre.SimpleCalculatorUITests;
				PRODUCT_NAME = "$(TARGET_NAME)";
				SWIFT_EMIT_LOC_STRINGS = NO;
				SWIFT_VERSION = 5.0;
				TARGETED_DEVICE_FAMILY = "1,2";
				TEST_TARGET_NAME = SimpleCalculator;
			};
			name = Release;
		};
/* End XCBuildConfiguration section */

/* Begin XCConfigurationList section */
		09E47FA429A3FF8500C246A7 /* Build configuration list for PBXProject "SimpleCalculator" */ = {
			isa = XCConfigurationList;
			buildConfigurations = (
				09E47FD129A3FF8600C246A7 /* Debug */,
				09E47FD229A3FF8600C246A7 /* Release */,
			);
			defaultConfigurationIsVisible = 0;
			defaultConfigurationName = Release;
		};
		09E47FD329A3FF8600C246A7 /* Build configuration list for PBXNativeTarget "SimpleCalculator" */ = {
			isa = XCConfigurationList;
			buildConfigurations = (
				09E47FD429A3FF8600C246A7 /* Debug */,
				09E47FD529A3FF8600C246A7 /* Release */,
			);
			defaultConfigurationIsVisible = 0;
			defaultConfigurationName = Release;
		};
		09E47FD629A3FF8600C246A7 /* Build configuration list for PBXNativeTarget "SimpleCalculatorTests" */ = {
			isa = XCConfigurationList;
			buildConfigurations = (
				09E47FD729A3FF8600C246A7 /* Debug */,
				09E47FD829A3FF8600C246A7 /* Release */,
			);
			defaultConfigurationIsVisible = 0;
			defaultConfigurationName = Release;
		};
		09E47FD929A3FF8600C246A7 /* Build configuration list for PBXNativeTarget "SimpleCalculatorUITests" */ = {
			isa = XCConfigurationList;
			buildConfigurations = (
				09E47FDA29A3FF8600C246A7 /* Debug */,
				09E47FDB29A3FF8600C246A7 /* Release */,
			);
			defaultConfigurationIsVisible = 0;
			defaultConfigurationName = Release;
		};
/* End XCConfigurationList section */
	};
	rootObject = 09E47FA129A3FF8500C246A7 /* Project object */;
}
